{
  "nodes": {
    "flake-parts": {
      "inputs": {
        "nixpkgs-lib": "nixpkgs-lib"
      },
      "locked": {
        "lastModified": 1727826117,
        "narHash": "sha256-K5ZLCyfO/Zj9mPFldf3iwS6oZStJcU4tSpiXTMYaaL0=",
        "owner": "hercules-ci",
        "repo": "flake-parts",
        "rev": "3d04084d54bedc3d6b8b736c70ef449225c361b1",
        "type": "github"
      },
      "original": {
        "owner": "hercules-ci",
        "repo": "flake-parts",
        "type": "github"
      }
    },
    "flake-utils": {
      "locked": {
        "lastModified": 1659877975,
        "narHash": "sha256-zllb8aq3YO3h8B/U0/J1WBgAL8EX5yWf5pMj3G0NAmc=",
        "owner": "numtide",
        "repo": "flake-utils",
        "rev": "c0e246b9b83f637f4681389ecabcb2681b4f3af0",
        "type": "github"
      },
      "original": {
        "owner": "numtide",
        "repo": "flake-utils",
        "type": "github"
      }
    },
    "nixgl": {
      "inputs": {
        "flake-utils": "flake-utils",
        "nixpkgs": "nixpkgs"
      },
      "locked": {
        "lastModified": 1713543440,
        "narHash": "sha256-lnzZQYG0+EXl/6NkGpyIz+FEOc/DSEG57AP1VsdeNrM=",
        "owner": "nix-community",
        "repo": "nixGL",
        "rev": "310f8e49a149e4c9ea52f1adf70cdc768ec53f8a",
        "type": "github"
      },
      "original": {
        "owner": "nix-community",
        "repo": "nixGL",
        "type": "github"
      }
    },
    "nixpkgs": {
      "locked": {
        "lastModified": 1660551188,
        "narHash": "sha256-a1LARMMYQ8DPx1BgoI/UN4bXe12hhZkCNqdxNi6uS0g=",
        "owner": "nixos",
        "repo": "nixpkgs",
        "rev": "441dc5d512153039f19ef198e662e4f3dbb9fd65",
        "type": "github"
      },
      "original": {
        "owner": "nixos",
        "repo": "nixpkgs",
        "type": "github"
      }
    },
    "nixpkgs-lib": {
      "locked": {
        "lastModified": 1727825735,
        "narHash": "sha256-0xHYkMkeLVQAMa7gvkddbPqpxph+hDzdu1XdGPJR+Os=",
        "type": "tarball",
        "url": "https://github.com/NixOS/nixpkgs/archive/fb192fec7cc7a4c26d51779e9bab07ce6fa5597a.tar.gz"
      },
      "original": {
        "type": "tarball",
        "url": "https://github.com/NixOS/nixpkgs/archive/fb192fec7cc7a4c26d51779e9bab07ce6fa5597a.tar.gz"
      }
    },
    "nixpkgs_2": {
      "locked": {
        "lastModified": 1728930054,
        "narHash": "sha256-mCaSyViQyiLgZKVLpDcVacbPSNjvsBzfWnGaxvhTzs8=",
        "owner": "nim65s",
        "repo": "nixpkgs",
        "rev": "8e906b3e2aa2274c9d0c555393b4801d3c0badee",
        "type": "github"
      },
      "original": {
        "owner": "nim65s",
        "ref": "qt6-libqglviewer",
        "repo": "nixpkgs",
        "type": "github"
      }
    },
    "root": {
      "inputs": {
        "flake-parts": "flake-parts",
        "nixgl": "nixgl",
        "nixpkgs": "nixpkgs_2"
      }
    }
  },
  "root": "root",
  "version": 7
}
